
Microsoft Visual Studio Solution File, Format Version 12.00
# Visual Studio Version 17
VisualStudioVersion = 17.0.31903.59
MinimumVisualStudioVersion = 10.0.40219.1
Project("{2150E333-8FDC-42A3-9474-1A3956D46DE8}") = "src", "src", "{02F85970-E7D5-47A4-AFC7-C21C7CDAFD52}"
EndProject
Project("{2150E333-8FDC-42A3-9474-1A3956D46DE8}") = "BuildingBlocks", "BuildingBlocks", "{EAD5F9DD-4B77-4F83-BA53-5B198C05B6C6}"
EndProject
Project("{FAE04EC0-301F-11D3-BF4B-00C04F79EFBC}") = "BuildingBlocks.Domain", "src\BuildingBlocks\Domain\BuildingBlocks.Domain.csproj", "{8236EBBD-1C14-4382-8131-25BE2D795D9E}"
EndProject
Project("{FAE04EC0-301F-11D3-BF4B-00C04F79EFBC}") = "BuildingBlocks.Application", "src\BuildingBlocks\Application\BuildingBlocks.Application.csproj", "{893D48A9-1730-487B-B4CC-FC9EFC0E6FC5}"
EndProject
Project("{FAE04EC0-301F-11D3-BF4B-00C04F79EFBC}") = "BuildingBlocks.Infrastructure", "src\BuildingBlocks\Infrastructure\BuildingBlocks.Infrastructure.csproj", "{9C2AEFC6-D11B-40ED-85C8-5B909B7DC899}"
EndProject
Project("{FAE04EC0-301F-11D3-BF4B-00C04F79EFBC}") = "BuildingBlocks.Observability", "src\BuildingBlocks\Observability\BuildingBlocks.Observability.csproj", "{BA85568D-B120-42E7-9977-CA974152E43A}"
EndProject
Project("{FAE04EC0-301F-11D3-BF4B-00C04F79EFBC}") = "BuildingBlocks.SharedKernel", "src\BuildingBlocks\SharedKernel\BuildingBlocks.SharedKernel.csproj", "{BF535284-C6DE-4339-99C5-B0C6EC5310D9}"
EndProject
Project("{2150E333-8FDC-42A3-9474-1A3956D46DE8}") = "Modules", "Modules", "{6ACAF746-8F8C-489C-BCFE-A3D7D9576B36}"
EndProject
Project("{2150E333-8FDC-42A3-9474-1A3956D46DE8}") = "Customers", "Customers", "{A92DDC52-CF20-4BE6-ABBB-CA1F457FD312}"
EndProject
Project("{FAE04EC0-301F-11D3-BF4B-00C04F79EFBC}") = "Modules.Customers.Domain", "src\Modules\Customers\Domain\Modules.Customers.Domain.csproj", "{FAFFB5DD-78B7-4FEB-858B-18E0E7357CEB}"
EndProject
Project("{FAE04EC0-301F-11D3-BF4B-00C04F79EFBC}") = "Modules.Customers.Application", "src\Modules\Customers\Application\Modules.Customers.Application.csproj", "{CF8A7081-D6F2-4E58-8BF7-B4A2C64F31B7}"
EndProject
Project("{FAE04EC0-301F-11D3-BF4B-00C04F79EFBC}") = "Modules.Customers.Infrastructure", "src\Modules\Customers\Infrastructure\Modules.Customers.Infrastructure.csproj", "{C039075B-FAF5-4505-B6BD-0055841201AE}"
EndProject
Project("{FAE04EC0-301F-11D3-BF4B-00C04F79EFBC}") = "Modules.Customers.Contracts", "src\Modules\Customers\Contracts\Modules.Customers.Contracts.csproj", "{25CBED46-2ADA-489C-8F6E-DE343CC3297D}"
EndProject
Project("{FAE04EC0-301F-11D3-BF4B-00C04F79EFBC}") = "Modules.Customers.API", "src\Modules\Customers\API\Modules.Customers.API.csproj", "{C9528BAD-F399-4910-9373-7C8556ED528E}"
EndProject
Project("{FAE04EC0-301F-11D3-BF4B-00C04F79EFBC}") = "Identity", "src\Identity\Identity.csproj", "{6E49E860-0D95-4839-A955-C6DCD7767375}"
EndProject
Project("{FAE04EC0-301F-11D3-BF4B-00C04F79EFBC}") = "WebHost", "src\WebHost\WebHost.csproj", "{9A375EBD-31F6-4507-A0A0-15B79515D1E1}"
EndProject
Project("{2150E333-8FDC-42A3-9474-1A3956D46DE8}") = "tests", "tests", "{6F56BF58-D656-4736-AD89-84EA11028B47}"
EndProject
Project("{FAE04EC0-301F-11D3-BF4B-00C04F79EFBC}") = "Modules.Customers.Domain.Tests", "tests\Modules.Customers.Domain.Tests\Modules.Customers.Domain.Tests.csproj", "{2D39C34F-074A-4531-885F-1019C23C862B}"
EndProject
Project("{FAE04EC0-301F-11D3-BF4B-00C04F79EFBC}") = "Modules.Customers.Integration.Tests", "tests\Modules.Customers.Integration.Tests\Modules.Customers.Integration.Tests.csproj", "{F606EF33-F025-4F38-A2AE-B66CDF4A1CF3}"
EndProject
Global
	GlobalSection(SolutionConfigurationPlatforms) = preSolution
		Debug|Any CPU = Debug|Any CPU
		Release|Any CPU = Release|Any CPU
	EndGlobalSection
	GlobalSection(SolutionProperties) = preSolution
		HideSolutionNode = FALSE
	EndGlobalSection
	GlobalSection(ProjectConfigurationPlatforms) = postSolution
		{8236EBBD-1C14-4382-8131-25BE2D795D9E}.Debug|Any CPU.ActiveCfg = Debug|Any CPU
		{8236EBBD-1C14-4382-8131-25BE2D795D9E}.Debug|Any CPU.Build.0 = Debug|Any CPU
		{8236EBBD-1C14-4382-8131-25BE2D795D9E}.Release|Any CPU.ActiveCfg = Release|Any CPU
		{8236EBBD-1C14-4382-8131-25BE2D795D9E}.Release|Any CPU.Build.0 = Release|Any CPU
		{893D48A9-1730-487B-B4CC-FC9EFC0E6FC5}.Debug|Any CPU.ActiveCfg = Debug|Any CPU
		{893D48A9-1730-487B-B4CC-FC9EFC0E6FC5}.Debug|Any CPU.Build.0 = Debug|Any CPU
		{893D48A9-1730-487B-B4CC-FC9EFC0E6FC5}.Release|Any CPU.ActiveCfg = Release|Any CPU
		{893D48A9-1730-487B-B4CC-FC9EFC0E6FC5}.Release|Any CPU.Build.0 = Release|Any CPU
		{9C2AEFC6-D11B-40ED-85C8-5B909B7DC899}.Debug|Any CPU.ActiveCfg = Debug|Any CPU
		{9C2AEFC6-D11B-40ED-85C8-5B909B7DC899}.Debug|Any CPU.Build.0 = Debug|Any CPU
		{9C2AEFC6-D11B-40ED-85C8-5B909B7DC899}.Release|Any CPU.ActiveCfg = Release|Any CPU
		{9C2AEFC6-D11B-40ED-85C8-5B909B7DC899}.Release|Any CPU.Build.0 = Release|Any CPU
		{BA85568D-B120-42E7-9977-CA974152E43A}.Debug|Any CPU.ActiveCfg = Debug|Any CPU
		{BA85568D-B120-42E7-9977-CA974152E43A}.Debug|Any CPU.Build.0 = Debug|Any CPU
		{BA85568D-B120-42E7-9977-CA974152E43A}.Release|Any CPU.ActiveCfg = Release|Any CPU
		{BA85568D-B120-42E7-9977-CA974152E43A}.Release|Any CPU.Build.0 = Release|Any CPU
		{BF535284-C6DE-4339-99C5-B0C6EC5310D9}.Debug|Any CPU.ActiveCfg = Debug|Any CPU
		{BF535284-C6DE-4339-99C5-B0C6EC5310D9}.Debug|Any CPU.Build.0 = Debug|Any CPU
		{BF535284-C6DE-4339-99C5-B0C6EC5310D9}.Release|Any CPU.ActiveCfg = Release|Any CPU
		{BF535284-C6DE-4339-99C5-B0C6EC5310D9}.Release|Any CPU.Build.0 = Release|Any CPU
		{FAFFB5DD-78B7-4FEB-858B-18E0E7357CEB}.Debug|Any CPU.ActiveCfg = Debug|Any CPU
		{FAFFB5DD-78B7-4FEB-858B-18E0E7357CEB}.Debug|Any CPU.Build.0 = Debug|Any CPU
		{FAFFB5DD-78B7-4FEB-858B-18E0E7357CEB}.Release|Any CPU.ActiveCfg = Release|Any CPU
		{FAFFB5DD-78B7-4FEB-858B-18E0E7357CEB}.Release|Any CPU.Build.0 = Release|Any CPU
		{CF8A7081-D6F2-4E58-8BF7-B4A2C64F31B7}.Debug|Any CPU.ActiveCfg = Debug|Any CPU
		{CF8A7081-D6F2-4E58-8BF7-B4A2C64F31B7}.Debug|Any CPU.Build.0 = Debug|Any CPU
		{CF8A7081-D6F2-4E58-8BF7-B4A2C64F31B7}.Release|Any CPU.ActiveCfg = Release|Any CPU
		{CF8A7081-D6F2-4E58-8BF7-B4A2C64F31B7}.Release|Any CPU.Build.0 = Release|Any CPU
		{C039075B-FAF5-4505-B6BD-0055841201AE}.Debug|Any CPU.ActiveCfg = Debug|Any CPU
		{C039075B-FAF5-4505-B6BD-0055841201AE}.Debug|Any CPU.Build.0 = Debug|Any CPU
		{C039075B-FAF5-4505-B6BD-0055841201AE}.Release|Any CPU.ActiveCfg = Release|Any CPU
		{C039075B-FAF5-4505-B6BD-0055841201AE}.Release|Any CPU.Build.0 = Release|Any CPU
		{25CBED46-2ADA-489C-8F6E-DE343CC3297D}.Debug|Any CPU.ActiveCfg = Debug|Any CPU
		{25CBED46-2ADA-489C-8F6E-DE343CC3297D}.Debug|Any CPU.Build.0 = Debug|Any CPU
		{25CBED46-2ADA-489C-8F6E-DE343CC3297D}.Release|Any CPU.ActiveCfg = Release|Any CPU
		{25CBED46-2ADA-489C-8F6E-DE343CC3297D}.Release|Any CPU.Build.0 = Release|Any CPU
		{C9528BAD-F399-4910-9373-7C8556ED528E}.Debug|Any CPU.ActiveCfg = Debug|Any CPU
		{C9528BAD-F399-4910-9373-7C8556ED528E}.Debug|Any CPU.Build.0 = Debug|Any CPU
		{C9528BAD-F399-4910-9373-7C8556ED528E}.Release|Any CPU.ActiveCfg = Release|Any CPU
		{C9528BAD-F399-4910-9373-7C8556ED528E}.Release|Any CPU.Build.0 = Release|Any CPU
		{6E49E860-0D95-4839-A955-C6DCD7767375}.Debug|Any CPU.ActiveCfg = Debug|Any CPU
		{6E49E860-0D95-4839-A955-C6DCD7767375}.Debug|Any CPU.Build.0 = Debug|Any CPU
		{6E49E860-0D95-4839-A955-C6DCD7767375}.Release|Any CPU.ActiveCfg = Release|Any CPU
		{6E49E860-0D95-4839-A955-C6DCD7767375}.Release|Any CPU.Build.0 = Release|Any CPU
		{9A375EBD-31F6-4507-A0A0-15B79515D1E1}.Debug|Any CPU.ActiveCfg = Debug|Any CPU
		{9A375EBD-31F6-4507-A0A0-15B79515D1E1}.Debug|Any CPU.Build.0 = Debug|Any CPU
		{9A375EBD-31F6-4507-A0A0-15B79515D1E1}.Release|Any CPU.ActiveCfg = Release|Any CPU
		{9A375EBD-31F6-4507-A0A0-15B79515D1E1}.Release|Any CPU.Build.0 = Release|Any CPU
		{2D39C34F-074A-4531-885F-1019C23C862B}.Debug|Any CPU.ActiveCfg = Debug|Any CPU
		{2D39C34F-074A-4531-885F-1019C23C862B}.Debug|Any CPU.Build.0 = Debug|Any CPU
		{2D39C34F-074A-4531-885F-1019C23C862B}.Release|Any CPU.ActiveCfg = Release|Any CPU
		{2D39C34F-074A-4531-885F-1019C23C862B}.Release|Any CPU.Build.0 = Release|Any CPU
		{F606EF33-F025-4F38-A2AE-B66CDF4A1CF3}.Debug|Any CPU.ActiveCfg = Debug|Any CPU
		{F606EF33-F025-4F38-A2AE-B66CDF4A1CF3}.Debug|Any CPU.Build.0 = Debug|Any CPU
		{F606EF33-F025-4F38-A2AE-B66CDF4A1CF3}.Release|Any CPU.ActiveCfg = Release|Any CPU
		{F606EF33-F025-4F38-A2AE-B66CDF4A1CF3}.Release|Any CPU.Build.0 = Release|Any CPU
	EndGlobalSection
	GlobalSection(NestedProjects) = preSolution
		{EAD5F9DD-4B77-4F83-BA53-5B198C05B6C6} = {02F85970-E7D5-47A4-AFC7-C21C7CDAFD52}
		{8236EBBD-1C14-4382-8131-25BE2D795D9E} = {EAD5F9DD-4B77-4F83-BA53-5B198C05B6C6}
		{893D48A9-1730-487B-B4CC-FC9EFC0E6FC5} = {EAD5F9DD-4B77-4F83-BA53-5B198C05B6C6}
		{9C2AEFC6-D11B-40ED-85C8-5B909B7DC899} = {EAD5F9DD-4B77-4F83-BA53-5B198C05B6C6}
		{BA85568D-B120-42E7-9977-CA974152E43A} = {EAD5F9DD-4B77-4F83-BA53-5B198C05B6C6}
		{BF535284-C6DE-4339-99C5-B0C6EC5310D9} = {EAD5F9DD-4B77-4F83-BA53-5B198C05B6C6}
		{6ACAF746-8F8C-489C-BCFE-A3D7D9576B36} = {02F85970-E7D5-47A4-AFC7-C21C7CDAFD52}
		{A92DDC52-CF20-4BE6-ABBB-CA1F457FD312} = {6ACAF746-8F8C-489C-BCFE-A3D7D9576B36}
		{FAFFB5DD-78B7-4FEB-858B-18E0E7357CEB} = {A92DDC52-CF20-4BE6-ABBB-CA1F457FD312}
		{CF8A7081-D6F2-4E58-8BF7-B4A2C64F31B7} = {A92DDC52-CF20-4BE6-ABBB-CA1F457FD312}
		{C039075B-FAF5-4505-B6BD-0055841201AE} = {A92DDC52-CF20-4BE6-ABBB-CA1F457FD312}
		{25CBED46-2ADA-489C-8F6E-DE343CC3297D} = {A92DDC52-CF20-4BE6-ABBB-CA1F457FD312}
		{C9528BAD-F399-4910-9373-7C8556ED528E} = {A92DDC52-CF20-4BE6-ABBB-CA1F457FD312}
		{6E49E860-0D95-4839-A955-C6DCD7767375} = {02F85970-E7D5-47A4-AFC7-C21C7CDAFD52}
		{9A375EBD-31F6-4507-A0A0-15B79515D1E1} = {02F85970-E7D5-47A4-AFC7-C21C7CDAFD52}
		{2D39C34F-074A-4531-885F-1019C23C862B} = {6F56BF58-D656-4736-AD89-84EA11028B47}
		{F606EF33-F025-4F38-A2AE-B66CDF4A1CF3} = {6F56BF58-D656-4736-AD89-84EA11028B47}
	EndGlobalSection
EndGlobal
